
Microsoft Visual Studio Solution File, Format Version 12.00
# Visual Studio 14
VisualStudioVersion = 14.0.25420.1
MinimumVisualStudioVersion = 10.0.40219.1
Project("{FAE04EC0-301F-11D3-BF4B-00C04F79EFBC}") = "AbstractFactoryPattern", "AbstractFactoryPattern\AbstractFactoryPattern.csproj", "{A055E55B-BB03-4EB2-9FD2-CD7AC8041296}"
EndProject
Project("{FAE04EC0-301F-11D3-BF4B-00C04F79EFBC}") = "AbstractFactoryPatternTests", "AbstractFactoryPatternTests\AbstractFactoryPatternTests.csproj", "{D1CA0EE7-D94F-4CBA-8632-B018DAEC8007}"
EndProject
Global
	GlobalSection(SolutionConfigurationPlatforms) = preSolution
		Debug|Any CPU = Debug|Any CPU
		Release|Any CPU = Release|Any CPU
	EndGlobalSection
	GlobalSection(ProjectConfigurationPlatforms) = postSolution
		{A055E55B-BB03-4EB2-9FD2-CD7AC8041296}.Debug|Any CPU.ActiveCfg = Debug|Any CPU
		{A055E55B-BB03-4EB2-9FD2-CD7AC8041296}.Debug|Any CPU.Build.0 = Debug|Any CPU
		{A055E55B-BB03-4EB2-9FD2-CD7AC8041296}.Release|Any CPU.ActiveCfg = Release|Any CPU
		{A055E55B-BB03-4EB2-9FD2-CD7AC8041296}.Release|Any CPU.Build.0 = Release|Any CPU
		{D1CA0EE7-D94F-4CBA-8632-B018DAEC8007}.Debug|Any CPU.ActiveCfg = Debug|Any CPU
		{D1CA0EE7-D94F-4CBA-8632-B018DAEC8007}.Debug|Any CPU.Build.0 = Debug|Any CPU
		{D1CA0EE7-D94F-4CBA-8632-B018DAEC8007}.Release|Any CPU.ActiveCfg = Release|Any CPU
		{D1CA0EE7-D94F-4CBA-8632-B018DAEC8007}.Release|Any CPU.Build.0 = Release|Any CPU
	EndGlobalSection
	GlobalSection(SolutionProperties) = preSolution
		HideSolutionNode = FALSE
	EndGlobalSection
EndGlobal
